
Microsoft Visual Studio Solution File, Format Version 12.00
# Visual Studio 14
VisualStudioVersion = 14.0.25420.1
MinimumVisualStudioVersion = 10.0.40219.1
Project("{8BC9CEB8-8B4A-11D0-8D11-00A0C91BC942}") = "buffer", "buffer\buffer.vcxproj", "{034E0E4B-DAFA-45D4-882B-1815AC73DA9E}"
EndProject
Project("{8BC9CEB8-8B4A-11D0-8D11-00A0C91BC942}") = "scanner", "scanner\scanner.vcxproj", "{C53261F2-8A2D-4F75-8E54-DBFD16A621BB}"
EndProject
Project("{8BC9CEB8-8B4A-11D0-8D11-00A0C91BC942}") = "Stable", "Stable\Stable.vcxproj", "{C2CCF0F1-D771-4F57-89EA-F76727169CE3}"
EndProject
Global
	GlobalSection(SolutionConfigurationPlatforms) = preSolution
		COMPILERS|x64 = COMPILERS|x64
		COMPILERS|x86 = COMPILERS|x86
		Debug|x64 = Debug|x64
		Debug|x86 = Debug|x86
		Release|x64 = Release|x64
		Release|x86 = Release|x86
	EndGlobalSection
	GlobalSection(ProjectConfigurationPlatforms) = postSolution
		{034E0E4B-DAFA-45D4-882B-1815AC73DA9E}.COMPILERS|x64.ActiveCfg = COMPILERS|x64
		{034E0E4B-DAFA-45D4-882B-1815AC73DA9E}.COMPILERS|x64.Build.0 = COMPILERS|x64
		{034E0E4B-DAFA-45D4-882B-1815AC73DA9E}.COMPILERS|x86.ActiveCfg = COMPILERS|Win32
		{034E0E4B-DAFA-45D4-882B-1815AC73DA9E}.COMPILERS|x86.Build.0 = COMPILERS|Win32
		{034E0E4B-DAFA-45D4-882B-1815AC73DA9E}.Debug|x64.ActiveCfg = Debug|x64
		{034E0E4B-DAFA-45D4-882B-1815AC73DA9E}.Debug|x64.Build.0 = Debug|x64
		{034E0E4B-DAFA-45D4-882B-1815AC73DA9E}.Debug|x86.ActiveCfg = Debug|Win32
		{034E0E4B-DAFA-45D4-882B-1815AC73DA9E}.Debug|x86.Build.0 = Debug|Win32
		{034E0E4B-DAFA-45D4-882B-1815AC73DA9E}.Release|x64.ActiveCfg = Release|x64
		{034E0E4B-DAFA-45D4-882B-1815AC73DA9E}.Release|x64.Build.0 = Release|x64
		{034E0E4B-DAFA-45D4-882B-1815AC73DA9E}.Release|x86.ActiveCfg = Release|Win32
		{034E0E4B-DAFA-45D4-882B-1815AC73DA9E}.Release|x86.Build.0 = Release|Win32
		{C53261F2-8A2D-4F75-8E54-DBFD16A621BB}.COMPILERS|x64.ActiveCfg = COMPILERS|x64
		{C53261F2-8A2D-4F75-8E54-DBFD16A621BB}.COMPILERS|x64.Build.0 = COMPILERS|x64
		{C53261F2-8A2D-4F75-8E54-DBFD16A621BB}.COMPILERS|x86.ActiveCfg = COMPILERS|Win32
		{C53261F2-8A2D-4F75-8E54-DBFD16A621BB}.COMPILERS|x86.Build.0 = COMPILERS|Win32
		{C53261F2-8A2D-4F75-8E54-DBFD16A621BB}.Debug|x64.ActiveCfg = Debug|x64
		{C53261F2-8A2D-4F75-8E54-DBFD16A621BB}.Debug|x64.Build.0 = Debug|x64
		{C53261F2-8A2D-4F75-8E54-DBFD16A621BB}.Debug|x86.ActiveCfg = Debug|Win32
		{C53261F2-8A2D-4F75-8E54-DBFD16A621BB}.Debug|x86.Build.0 = Debug|Win32
		{C53261F2-8A2D-4F75-8E54-DBFD16A621BB}.Release|x64.ActiveCfg = Release|x64
		{C53261F2-8A2D-4F75-8E54-DBFD16A621BB}.Release|x64.Build.0 = Release|x64
		{C53261F2-8A2D-4F75-8E54-DBFD16A621BB}.Release|x86.ActiveCfg = Release|Win32
		{C53261F2-8A2D-4F75-8E54-DBFD16A621BB}.Release|x86.Build.0 = Release|Win32
		{C2CCF0F1-D771-4F57-89EA-F76727169CE3}.COMPILERS|x64.ActiveCfg = Release|x64
		{C2CCF0F1-D771-4F57-89EA-F76727169CE3}.COMPILERS|x64.Build.0 = Release|x64
		{C2CCF0F1-D771-4F57-89EA-F76727169CE3}.COMPILERS|x86.ActiveCfg = Debug|Win32
		{C2CCF0F1-D771-4F57-89EA-F76727169CE3}.COMPILERS|x86.Build.0 = Debug|Win32
		{C2CCF0F1-D771-4F57-89EA-F76727169CE3}.Debug|x64.ActiveCfg = Debug|x64
		{C2CCF0F1-D771-4F57-89EA-F76727169CE3}.Debug|x64.Build.0 = Debug|x64
		{C2CCF0F1-D771-4F57-89EA-F76727169CE3}.Debug|x86.ActiveCfg = Debug|Win32
		{C2CCF0F1-D771-4F57-89EA-F76727169CE3}.Debug|x86.Build.0 = Debug|Win32
		{C2CCF0F1-D771-4F57-89EA-F76727169CE3}.Release|x64.ActiveCfg = Release|x64
		{C2CCF0F1-D771-4F57-89EA-F76727169CE3}.Release|x64.Build.0 = Release|x64
		{C2CCF0F1-D771-4F57-89EA-F76727169CE3}.Release|x86.ActiveCfg = Release|Win32
		{C2CCF0F1-D771-4F57-89EA-F76727169CE3}.Release|x86.Build.0 = Release|Win32
	EndGlobalSection
	GlobalSection(SolutionProperties) = preSolution
		HideSolutionNode = FALSE
	EndGlobalSection
EndGlobal
